
Microsoft Visual Studio Solution File, Format Version 12.00
# Visual Studio Version 17
VisualStudioVersion = 17.13.35828.75 d17.13
MinimumVisualStudioVersion = 10.0.40219.1
Project("{8BC9CEB8-8B4A-11D0-8D11-00A0C91BC942}") = "DataStructure_11_5880807", "DataStructure_11_5880807\DataStructure_11_5880807.vcxproj", "{5E685E8C-20EB-4841-AD78-10F9D9444543}"
EndProject
Global
	GlobalSection(SolutionConfigurationPlatforms) = preSolution
		Debug|x64 = Debug|x64
		Debug|x86 = Debug|x86
		Release|x64 = Release|x64
		Release|x86 = Release|x86
	EndGlobalSection
	GlobalSection(ProjectConfigurationPlatforms) = postSolution
		{5E685E8C-20EB-4841-AD78-10F9D9444543}.Debug|x64.ActiveCfg = Debug|x64
		{5E685E8C-20EB-4841-AD78-10F9D9444543}.Debug|x64.Build.0 = Debug|x64
		{5E685E8C-20EB-4841-AD78-10F9D9444543}.Debug|x86.ActiveCfg = Debug|Win32
		{5E685E8C-20EB-4841-AD78-10F9D9444543}.Debug|x86.Build.0 = Debug|Win32
		{5E685E8C-20EB-4841-AD78-10F9D9444543}.Release|x64.ActiveCfg = Release|x64
		{5E685E8C-20EB-4841-AD78-10F9D9444543}.Release|x64.Build.0 = Release|x64
		{5E685E8C-20EB-4841-AD78-10F9D9444543}.Release|x86.ActiveCfg = Release|Win32
		{5E685E8C-20EB-4841-AD78-10F9D9444543}.Release|x86.Build.0 = Release|Win32
	EndGlobalSection
	GlobalSection(SolutionProperties) = preSolution
		HideSolutionNode = FALSE
	EndGlobalSection
	GlobalSection(ExtensibilityGlobals) = postSolution
		SolutionGuid = {B2A42396-AF36-40D4-B3F4-3D511305A544}
	EndGlobalSection
EndGlobal
